
Microsoft Visual Studio Solution File, Format Version 12.00
# Visual Studio 14
VisualStudioVersion = 14.0.23107.0
MinimumVisualStudioVersion = 10.0.40219.1
Project("{FAE04EC0-301F-11D3-BF4B-00C04F79EFBC}") = "jLife", "jLife\jLife.csproj", "{F3C23D9F-0455-416E-A0DF-A33F8020BA76}"
EndProject
Project("{FAE04EC0-301F-11D3-BF4B-00C04F79EFBC}") = "jLife.Tests", "jLife.Tests\jLife.Tests.csproj", "{C1DFB9B7-A1E0-4E5F-8926-BEAD0885C5A9}"
EndProject
Project("{FAE04EC0-301F-11D3-BF4B-00C04F79EFBC}") = "JServiceLayer", "JServiceLayer\JServiceLayer.csproj", "{A18DF094-068A-4E2C-9D53-F9D4E8F66187}"
EndProject
Global
	GlobalSection(SolutionConfigurationPlatforms) = preSolution
		Debug|Any CPU = Debug|Any CPU
		Release|Any CPU = Release|Any CPU
	EndGlobalSection
	GlobalSection(ProjectConfigurationPlatforms) = postSolution
		{F3C23D9F-0455-416E-A0DF-A33F8020BA76}.Debug|Any CPU.ActiveCfg = Debug|Any CPU
		{F3C23D9F-0455-416E-A0DF-A33F8020BA76}.Debug|Any CPU.Build.0 = Debug|Any CPU
		{F3C23D9F-0455-416E-A0DF-A33F8020BA76}.Release|Any CPU.ActiveCfg = Release|Any CPU
		{F3C23D9F-0455-416E-A0DF-A33F8020BA76}.Release|Any CPU.Build.0 = Release|Any CPU
		{C1DFB9B7-A1E0-4E5F-8926-BEAD0885C5A9}.Debug|Any CPU.ActiveCfg = Debug|Any CPU
		{C1DFB9B7-A1E0-4E5F-8926-BEAD0885C5A9}.Debug|Any CPU.Build.0 = Debug|Any CPU
		{C1DFB9B7-A1E0-4E5F-8926-BEAD0885C5A9}.Release|Any CPU.ActiveCfg = Release|Any CPU
		{C1DFB9B7-A1E0-4E5F-8926-BEAD0885C5A9}.Release|Any CPU.Build.0 = Release|Any CPU
		{A18DF094-068A-4E2C-9D53-F9D4E8F66187}.Debug|Any CPU.ActiveCfg = Debug|Any CPU
		{A18DF094-068A-4E2C-9D53-F9D4E8F66187}.Debug|Any CPU.Build.0 = Debug|Any CPU
		{A18DF094-068A-4E2C-9D53-F9D4E8F66187}.Release|Any CPU.ActiveCfg = Release|Any CPU
		{A18DF094-068A-4E2C-9D53-F9D4E8F66187}.Release|Any CPU.Build.0 = Release|Any CPU
	EndGlobalSection
	GlobalSection(SolutionProperties) = preSolution
		HideSolutionNode = FALSE
	EndGlobalSection
EndGlobal
